
Microsoft Visual Studio Solution File, Format Version 12.00
# Visual Studio Version 17
VisualStudioVersion = 17.0.32014.148
MinimumVisualStudioVersion = 10.0.40219.1
Project("{9A19103F-16F7-4668-BE54-9A1E7A4F7556}") = "NFT.Discord.Bot.Console", "NFT.Discord.Bot.Console\NFT.Discord.Bot.Console.csproj", "{21822533-EEA2-444D-89B6-7A7574458D7E}"
EndProject
Project("{9A19103F-16F7-4668-BE54-9A1E7A4F7556}") = "NFT.Discord.Bot", "NFT.Discord.Bot\NFT.Discord.Bot.csproj", "{7E8D56FD-4210-44D8-B11C-AD38B1741035}"
EndProject
Project("{2150E333-8FDC-42A3-9474-1A3956D46DE8}") = "Solution Items", "Solution Items", "{D421079F-6146-4532-B392-F1C924062A09}"
	ProjectSection(SolutionItems) = preProject
		.editorconfig = .editorconfig
	EndProjectSection
EndProject
Global
	GlobalSection(SolutionConfigurationPlatforms) = preSolution
		Debug|Any CPU = Debug|Any CPU
		Release|Any CPU = Release|Any CPU
	EndGlobalSection
	GlobalSection(ProjectConfigurationPlatforms) = postSolution
		{21822533-EEA2-444D-89B6-7A7574458D7E}.Debug|Any CPU.ActiveCfg = Debug|Any CPU
		{21822533-EEA2-444D-89B6-7A7574458D7E}.Debug|Any CPU.Build.0 = Debug|Any CPU
		{21822533-EEA2-444D-89B6-7A7574458D7E}.Release|Any CPU.ActiveCfg = Release|Any CPU
		{21822533-EEA2-444D-89B6-7A7574458D7E}.Release|Any CPU.Build.0 = Release|Any CPU
		{7E8D56FD-4210-44D8-B11C-AD38B1741035}.Debug|Any CPU.ActiveCfg = Debug|Any CPU
		{7E8D56FD-4210-44D8-B11C-AD38B1741035}.Debug|Any CPU.Build.0 = Debug|Any CPU
		{7E8D56FD-4210-44D8-B11C-AD38B1741035}.Release|Any CPU.ActiveCfg = Release|Any CPU
		{7E8D56FD-4210-44D8-B11C-AD38B1741035}.Release|Any CPU.Build.0 = Release|Any CPU
	EndGlobalSection
	GlobalSection(SolutionProperties) = preSolution
		HideSolutionNode = FALSE
	EndGlobalSection
	GlobalSection(ExtensibilityGlobals) = postSolution
		SolutionGuid = {F6D55CFE-0200-43E2-8C6F-4B5A3CA09D1D}
	EndGlobalSection
EndGlobal
